<?xml version="1.0" encoding="utf-8"?>
<Project ToolsVersion="4.0" xmlns="http://schemas.microsoft.com/developer/msbuild/2003">
  <ItemGroup>
    <Filter Include="Файлы заголовков">
      <UniqueIdentifier>{93995380-89BD-4b04-88EB-625FBE52EBFB}</UniqueIdentifier>
      <Extensions>h;hh;hpp;hxx;h++;hm;inl;inc;ipp;xsd</Extensions>
    </Filter>
    <Filter Include="Файлы ресурсов">
      <UniqueIdentifier>{67DA6AB6-F800-4c08-8B7A-83BB121AAD01}</UniqueIdentifier>
      <Extensions>rc;ico;cur;bmp;dlg;rc2;rct;bin;rgs;gif;jpg;jpeg;jpe;resx;tiff;tif;png;wav;mfcribbon-ms</Extensions>
    </Filter>
    <Filter Include="src">
      <UniqueIdentifier>{a87bd3f1-92d0-4ecc-8974-0fef31b1b3a4}</UniqueIdentifier>
    </Filter>
    <Filter Include="shaders">
      <UniqueIdentifier>{0d8d1cf7-3daf-460f-a422-9371513a7a79}</UniqueIdentifier>
    </Filter>
    <Filter Include="src\shader">
      <UniqueIdentifier>{6a4b5822-e722-49ca-ab24-389cbad15bc3}</UniqueIdentifier>
    </Filter>
    <Filter Include="src\utils">
      <UniqueIdentifier>{ec7d9116-1810-4725-9ac1-c17a405858a2}</UniqueIdentifier>
    </Filter>
    <Filter Include="src\stb">
      <UniqueIdentifier>{86168c18-6ad1-4e7c-9d4a-3aa5a4c5f98e}</UniqueIdentifier>
    </Filter>
    <Filter Include="src\scene">
      <UniqueIdentifier>{44e3ae01-9387-451b-a172-30c713b1c2db}</UniqueIdentifier>
    </Filter>
    <Filter Include="src\model">
      <UniqueIdentifier>{4b9fe762-5735-4010-868f-0bcfa8a663c5}</UniqueIdentifier>
    </Filter>
  </ItemGroup>
  <ItemGroup>
    <ClCompile Include="src\glad.c">
      <Filter>src</Filter>
    </ClCompile>
    <ClCompile Include="src\main.cpp">
      <Filter>src</Filter>
    </ClCompile>
    <ClCompile Include="src\init.cpp">
      <Filter>src</Filter>
    </ClCompile>
    <ClCompile Include="src\shader\Shader.cpp">
      <Filter>src\shader</Filter>
    </ClCompile>
    <ClCompile Include="src\shader\Shader_program.cpp">
      <Filter>src\shader</Filter>
    </ClCompile>
    <ClCompile Include="src\utils\utils.cpp">
      <Filter>src\utils</Filter>
    </ClCompile>
    <ClCompile Include="src\scene\Scene_object.cpp">
      <Filter>src\scene</Filter>
    </ClCompile>
    <ClCompile Include="src\model\Mesh.cpp">
      <Filter>src\model</Filter>
    </ClCompile>
    <ClCompile Include="src\model\Texture.cpp">
      <Filter>src\model</Filter>
    </ClCompile>
    <ClCompile Include="src\model\Texture_loader.cpp">
      <Filter>src\model</Filter>
    </ClCompile>
    <ClCompile Include="src\model\Material.cpp">
      <Filter>src\model</Filter>
    </ClCompile>
  </ItemGroup>
  <ItemGroup>
    <ClInclude Include="include\init.h">
      <Filter>Файлы заголовков</Filter>
    </ClInclude>
    <ClInclude Include="include\main.h">
      <Filter>Файлы заголовков</Filter>
    </ClInclude>
    <ClInclude Include="src\shader\Shader.h">
      <Filter>src\shader</Filter>
    </ClInclude>
    <ClInclude Include="src\shader\Shader_program.h">
      <Filter>src\shader</Filter>
    </ClInclude>
    <ClInclude Include="src\utils\utils.h">
      <Filter>src\utils</Filter>
    </ClInclude>
    <ClInclude Include="src\stb\stb_image.h">
      <Filter>src\stb</Filter>
    </ClInclude>
    <ClInclude Include="src\scene\Scene_object.h">
      <Filter>src\scene</Filter>
    </ClInclude>
    <ClInclude Include="src\model\Mesh.h">
      <Filter>src\model</Filter>
    </ClInclude>
    <ClInclude Include="src\model\Texture.h">
      <Filter>src\model</Filter>
    </ClInclude>
    <ClInclude Include="src\model\Texture_loader.h">
      <Filter>src\model</Filter>
    </ClInclude>
    <ClInclude Include="src\model\Vertex.h">
      <Filter>src\model</Filter>
    </ClInclude>
    <ClInclude Include="src\model\Material.h">
      <Filter>src\model</Filter>
    </ClInclude>
    <ClInclude Include="src\model\Uniform_types.h">
      <Filter>src\model</Filter>
    </ClInclude>
  </ItemGroup>
  <ItemGroup>
    <None Include="shaders\fragment.glsl">
      <Filter>shaders</Filter>
    </None>
    <None Include="shaders\vertex.glsl">
      <Filter>shaders</Filter>
    </None>
  </ItemGroup>
</Project>